// !$*UTF8*$!
{
	archiveVersion = 1;
	classes = {
	};
	objectVersion = 48;
	objects = {

/* Begin PBXBuildFile section */
		B13A61521F11DFCF0045EF92 /* AppDelegate.swift in Sources */ = {isa = PBXBuildFile; fileRef = B13A61511F11DFCF0045EF92 /* AppDelegate.swift */; };
		B13A61541F11DFCF0045EF92 /* ViewController.swift in Sources */ = {isa = PBXBuildFile; fileRef = B13A61531F11DFCF0045EF92 /* ViewController.swift */; };
		B13A61571F11DFCF0045EF92 /* Main.storyboard in Resources */ = {isa = PBXBuildFile; fileRef = B13A61551F11DFCF0045EF92 /* Main.storyboard */; };
		B13A61591F11DFCF0045EF92 /* Assets.xcassets in Resources */ = {isa = PBXBuildFile; fileRef = B13A61581F11DFCF0045EF92 /* Assets.xcassets */; };
		B13A615C1F11DFCF0045EF92 /* LaunchScreen.storyboard in Resources */ = {isa = PBXBuildFile; fileRef = B13A615A1F11DFCF0045EF92 /* LaunchScreen.storyboard */; };
/* End PBXBuildFile section */

/* Begin PBXFileReference section */
		B13A614E1F11DFCF0045EF92 /* VisionSwift9Beta.app */ = {isa = PBXFileReference; explicitFileType = wrapper.application; includeInIndex = 0; path = VisionSwift9Beta.app; sourceTree = BUILT_PRODUCTS_DIR; };
		B13A61511F11DFCF0045EF92 /* AppDelegate.swift */ = {isa = PBXFileReference; lastKnownFileType = sourcecode.swift; path = AppDelegate.swift; sourceTree = "<group>"; };
		B13A61531F11DFCF0045EF92 /* ViewController.swift */ = {isa = PBXFileReference; lastKnownFileType = sourcecode.swift; path = ViewController.swift; sourceTree = "<group>"; };
		B13A61561F11DFCF0045EF92 /* Base */ = {isa = PBXFileReference; lastKnownFileType = file.storyboard; name = Base; path = Base.lproj/Main.storyboard; sourceTree = "<group>"; };
		B13A61581F11DFCF0045EF92 /* Assets.xcassets */ = {isa = PBXFileReference; lastKnownFileType = folder.assetcatalog; path = Assets.xcassets; sourceTree = "<group>"; };
		B13A615B1F11DFCF0045EF92 /* Base */ = {isa = PBXFileReference; lastKnownFileType = file.storyboard; name = Base; path = Base.lproj/LaunchScreen.storyboard; sourceTree = "<group>"; };
		B13A615D1F11DFCF0045EF92 /* Info.plist */ = {isa = PBXFileReference; lastKnownFileType = text.plist.xml; path = Info.plist; sourceTree = "<group>"; };
/* End PBXFileReference section */

/* Begin PBXFrameworksBuildPhase section */
		B13A614B1F11DFCF0045EF92 /* Frameworks */ = {
			isa = PBXFrameworksBuildPhase;
			buildActionMask = 2147483647;
			files = (
			);
			runOnlyForDeploymentPostprocessing = 0;
		};
/* End PBXFrameworksBuildPhase section */

/* Begin PBXGroup section */
		B13A61451F11DFCF0045EF92 = {
			isa = PBXGroup;
			children = (
				B13A61501F11DFCF0045EF92 /* VisionSwift9Beta */,
				B13A614F1F11DFCF0045EF92 /* Products */,
			);
			sourceTree = "<group>";
		};
		B13A614F1F11DFCF0045EF92 /* Products */ = {
			isa = PBXGroup;
			children = (
				B13A614E1F11DFCF0045EF92 /* VisionSwift9Beta.app */,
			);
			name = Products;
			sourceTree = "<group>";
		};
		B13A61501F11DFCF0045EF92 /* VisionSwift9Beta */ = {
			isa = PBXGroup;
			children = (
				B13A61511F11DFCF0045EF92 /* AppDelegate.swift */,
				B13A61531F11DFCF0045EF92 /* ViewController.swift */,
				B13A61551F11DFCF0045EF92 /* Main.storyboard */,
				B13A61581F11DFCF0045EF92 /* Assets.xcassets */,
				B13A615A1F11DFCF0045EF92 /* LaunchScreen.storyboard */,
				B13A615D1F11DFCF0045EF92 /* Info.plist */,
			);
			path = VisionSwift9Beta;
			sourceTree = "<group>";
		};
/* End PBXGroup section */

/* Begin PBXNativeTarget section */
		B13A614D1F11DFCF0045EF92 /* VisionSwift9Beta */ = {
			isa = PBXNativeTarget;
			buildConfigurationList = B13A61601F11DFCF0045EF92 /* Build configuration list for PBXNativeTarget "VisionSwift9Beta" */;
			buildPhases = (
				B13A614A1F11DFCF0045EF92 /* Sources */,
				B13A614B1F11DFCF0045EF92 /* Frameworks */,
				B13A614C1F11DFCF0045EF92 /* Resources */,
			);
			buildRules = (
			);
			dependencies = (
			);
			name = VisionSwift9Beta;
			productName = VisionSwift9Beta;
			productReference = B13A614E1F11DFCF0045EF92 /* VisionSwift9Beta.app */;
			productType = "com.apple.product-type.application";
		};
/* End PBXNativeTarget section */

/* Begin PBXProject section */
		B13A61461F11DFCF0045EF92 /* Project object */ = {
			isa = PBXProject;
			attributes = {
				LastSwiftUpdateCheck = 0900;
				LastUpgradeCheck = 0900;
				ORGANIZATIONNAME = VictorLee;
				TargetAttributes = {
					B13A614D1F11DFCF0045EF92 = {
						CreatedOnToolsVersion = 9.0;
					};
				};
			};
			buildConfigurationList = B13A61491F11DFCF0045EF92 /* Build configuration list for PBXProject "VisionSwift9Beta" */;
			compatibilityVersion = "Xcode 8.0";
			developmentRegion = en;
			hasScannedForEncodings = 0;
			knownRegions = (
				en,
				Base,
			);
			mainGroup = B13A61451F11DFCF0045EF92;
			productRefGroup = B13A614F1F11DFCF0045EF92 /* Products */;
			projectDirPath = "";
			projectRoot = "";
			targets = (
				B13A614D1F11DFCF0045EF92 /* VisionSwift9Beta */,
			);
		};
/* End PBXProject section */

/* Begin PBXResourcesBuildPhase section */
		B13A614C1F11DFCF0045EF92 /* Resources */ = {
			isa = PBXResourcesBuildPhase;
			buildActionMask = 2147483647;
			files = (
				B13A615C1F11DFCF0045EF92 /* LaunchScreen.storyboard in Resources */,
				B13A61591F11DFCF0045EF92 /* Assets.xcassets in Resources */,
				B13A61571F11DFCF0045EF92 /* Main.storyboard in Resources */,
			);
			runOnlyForDeploymentPostprocessing = 0;
		};
/* End PBXResourcesBuildPhase section */

/* Begin PBXSourcesBuildPhase section */
		B13A614A1F11DFCF0045EF92 /* Sources */ = {
			isa = PBXSourcesBuildPhase;
			buildActionMask = 2147483647;
			files = (
				B13A61541F11DFCF0045EF92 /* ViewController.swift in Sources */,
				B13A61521F11DFCF0045EF92 /* AppDelegate.swift in Sources */,
			);
			runOnlyForDeploymentPostprocessing = 0;
		};
/* End PBXSourcesBuildPhase section */

/* Begin PBXVariantGroup section */
		B13A61551F11DFCF0045EF92 /* Main.storyboard */ = {
			isa = PBXVariantGroup;
			children = (
				B13A61561F11DFCF0045EF92 /* Base */,
			);
			name = Main.storyboard;
			sourceTree = "<group>";
		};
		B13A615A1F11DFCF0045EF92 /* LaunchScreen.storyboard */ = {
			isa = PBXVariantGroup;
			children = (
				B13A615B1F11DFCF0045EF92 /* Base */,
			);
			name = LaunchScreen.storyboard;
			sourceTree = "<group>";
		};
/* End PBXVariantGroup section */

/* Begin XCBuildConfiguration section */
		B13A615E1F11DFCF0045EF92 /* Debug */ = {
			isa = XCBuildConfiguration;
			buildSettings = {
				ALWAYS_SEARCH_USER_PATHS = NO;
				CLANG_ANALYZER_NONNULL = YES;
				CLANG_ANALYZER_NUMBER_OBJECT_CONVERSION = YES_AGGRESSIVE;
				CLANG_CXX_LANGUAGE_STANDARD = "gnu++14";
				CLANG_CXX_LIBRARY = "libc++";
				CLANG_ENABLE_MODULES = YES;
				CLANG_ENABLE_OBJC_ARC = YES;
				CLANG_WARN_BLOCK_CAPTURE_AUTORELEASING = YES;
				CLANG_WARN_BOOL_CONVERSION = YES;
				CLANG_WARN_COMMA = YES;
				CLANG_WARN_CONSTANT_CONVERSION = YES;
				CLANG_WARN_DIRECT_OBJC_ISA_USAGE = YES_ERROR;
				CLANG_WARN_DOCUMENTATION_COMMENTS = YES;
				CLANG_WARN_EMPTY_BODY = YES;
				CLANG_WARN_ENUM_CONVERSION = YES;
				CLANG_WARN_INFINITE_RECURSION = YES;
				CLANG_WARN_INT_CONVERSION = YES;
				CLANG_WARN_OBJC_ROOT_CLASS = YES_ERROR;
				CLANG_WARN_RANGE_LOOP_ANALYSIS = YES;
				CLANG_WARN_STRICT_PROTOTYPES = YES;
				CLANG_WARN_SUSPICIOUS_MOVE = YES;
				CLANG_WARN_UNGUARDED_AVAILABILITY = YES_AGGRESSIVE;
				CLANG_WARN_UNREACHABLE_CODE = YES;
				CLANG_WARN__DUPLICATE_METHOD_MATCH = YES;
				CODE_SIGN_IDENTITY = "iPhone Developer";
				COPY_PHASE_STRIP = NO;
				DEBUG_INFORMATION_FORMAT = dwarf;
				ENABLE_STRICT_OBJC_MSGSEND = YES;
				ENABLE_TESTABILITY = YES;
				GCC_C_LANGUAGE_STANDARD = gnu11;
				GCC_DYNAMIC_NO_PIC = NO;
				GCC_NO_COMMON_BLOCKS = YES;
				GCC_OPTIMIZATION_LEVEL = 0;
				GCC_PREPROCESSOR_DEFINITIONS = (
					"DEBUG=1",
					"$(inherited)",
				);
				GCC_WARN_64_TO_32_BIT_CONVERSION = YES;
				GCC_WARN_ABOUT_RETURN_TYPE = YES_ERROR;
				GCC_WARN_UNDECLARED_SELECTOR = YES;
				GCC_WARN_UNINITIALIZED_AUTOS = YES_AGGRESSIVE;
				GCC_WARN_UNUSED_FUNCTION = YES;
				GCC_WARN_UNUSED_VARIABLE = YES;
				IPHONEOS_DEPLOYMENT_TARGET = 11.0;
				MTL_ENABLE_DEBUG_INFO = YES;
				ONLY_ACTIVE_ARCH = YES;
				SDKROOT = iphoneos;
				SWIFT_ACTIVE_COMPILATION_CONDITIONS = DEBUG;
				SWIFT_OPTIMIZATION_LEVEL = "-Onone";
			};
			name = Debug;
		};
		B13A615F1F11DFCF0045EF92 /* Release */ = {
			isa = XCBuildConfiguration;
			buildSettings = {
				ALWAYS_SEARCH_USER_PATHS = NO;
				CLANG_ANALYZER_NONNULL = YES;
				CLANG_ANALYZER_NUMBER_OBJECT_CONVERSION = YES_AGGRESSIVE;
				CLANG_CXX_LANGUAGE_STANDARD = "gnu++14";
				CLANG_CXX_LIBRARY = "libc++";
				CLANG_ENABLE_MODULES = YES;
				CLANG_ENABLE_OBJC_ARC = YES;
				CLANG_WARN_BLOCK_CAPTURE_AUTORELEASING = YES;
				CLANG_WARN_BOOL_CONVERSION = YES;
				CLANG_WARN_COMMA = YES;
				CLANG_WARN_CONSTANT_CONVERSION = YES;
				CLANG_WARN_DIRECT_OBJC_ISA_USAGE = YES_ERROR;
				CLANG_WARN_DOCUMENTATION_COMMENTS = YES;
				CLANG_WARN_EMPTY_BODY = YES;
				CLANG_WARN_ENUM_CONVERSION = YES;
				CLANG_WARN_INFINITE_RECURSION = YES;
				CLANG_WARN_INT_CONVERSION = YES;
				CLANG_WARN_OBJC_ROOT_CLASS = YES_ERROR;
				CLANG_WARN_RANGE_LOOP_ANALYSIS = YES;
				CLANG_WARN_STRICT_PROTOTYPES = YES;
				CLANG_WARN_SUSPICIOUS_MOVE = YES;
				CLANG_WARN_UNGUARDED_AVAILABILITY = YES_AGGRESSIVE;
				CLANG_WARN_UNREACHABLE_CODE = YES;
				CLANG_WARN__DUPLICATE_METHOD_MATCH = YES;
				CODE_SIGN_IDENTITY = "iPhone Developer";
				COPY_PHASE_STRIP = NO;
				DEBUG_INFORMATION_FORMAT = "dwarf-with-dsym";
				ENABLE_NS_ASSERTIONS = NO;
				ENABLE_STRICT_OBJC_MSGSEND = YES;
				GCC_C_LANGUAGE_STANDARD = gnu11;
				GCC_NO_COMMON_BLOCKS = YES;
				GCC_WARN_64_TO_32_BIT_CONVERSION = YES;
				GCC_WARN_ABOUT_RETURN_TYPE = YES_ERROR;
				GCC_WARN_UNDECLARED_SELECTOR = YES;
				GCC_WARN_UNINITIALIZED_AUTOS = YES_AGGRESSIVE;
				GCC_WARN_UNUSED_FUNCTION = YES;
				GCC_WARN_UNUSED_VARIABLE = YES;
				IPHONEOS_DEPLOYMENT_TARGET = 11.0;
				MTL_ENABLE_DEBUG_INFO = NO;
				SDKROOT = iphoneos;
				SWIFT_OPTIMIZATION_LEVEL = "-Owholemodule";
				VALIDATE_PRODUCT = YES;
			};
			name = Release;
		};
		B13A61611F11DFCF0045EF92 /* Debug */ = {
			isa = XCBuildConfiguration;
			buildSettings = {
				ASSETCATALOG_COMPILER_APPICON_NAME = AppIcon;
				DEVELOPMENT_TEAM = E26925RH2T;
				INFOPLIST_FILE = VisionSwift9Beta/Info.plist;
				LD_RUNPATH_SEARCH_PATHS = "$(inherited) @executable_path/Frameworks";
				PRODUCT_BUNDLE_IDENTIFIER = com.VictorLee.VisionSwift9Beta;
				PRODUCT_NAME = "$(TARGET_NAME)";
				SWIFT_VERSION = 4.0;
				TARGETED_DEVICE_FAMILY = "1,2";
			};
			name = Debug;
		};
		B13A61621F11DFCF0045EF92 /* Release */ = {
			isa = XCBuildConfiguration;
			buildSettings = {
				ASSETCATALOG_COMPILER_APPICON_NAME = AppIcon;
				DEVELOPMENT_TEAM = E26925RH2T;
				INFOPLIST_FILE = VisionSwift9Beta/Info.plist;
				LD_RUNPATH_SEARCH_PATHS = "$(inherited) @executable_path/Frameworks";
				PRODUCT_BUNDLE_IDENTIFIER = com.VictorLee.VisionSwift9Beta;
				PRODUCT_NAME = "$(TARGET_NAME)";
				SWIFT_VERSION = 4.0;
				TARGETED_DEVICE_FAMILY = "1,2";
			};
			name = Release;
		};
/* End XCBuildConfiguration section */

/* Begin XCConfigurationList section */
		B13A61491F11DFCF0045EF92 /* Build configuration list for PBXProject "VisionSwift9Beta" */ = {
			isa = XCConfigurationList;
			buildConfigurations = (
				B13A615E1F11DFCF0045EF92 /* Debug */,
				B13A615F1F11DFCF0045EF92 /* Release */,
			);
			defaultConfigurationIsVisible = 0;
			defaultConfigurationName = Release;
		};
		B13A61601F11DFCF0045EF92 /* Build configuration list for PBXNativeTarget "VisionSwift9Beta" */ = {
			isa = XCConfigurationList;
			buildConfigurations = (
				B13A61611F11DFCF0045EF92 /* Debug */,
				B13A61621F11DFCF0045EF92 /* Release */,
			);
			defaultConfigurationIsVisible = 0;
		};
/* End XCConfigurationList section */
	};
	rootObject = B13A61461F11DFCF0045EF92 /* Project object */;
}
